
Microsoft Visual Studio Solution File, Format Version 12.00
# Visual Studio Version 17
VisualStudioVersion = 17.11.35312.102
MinimumVisualStudioVersion = 10.0.40219.1
Project("{FAE04EC0-301F-11D3-BF4B-00C04F79EFBC}") = "WeatherForecast", "WeatherForecast.csproj", "{4C6D906E-9225-4816-8AF5-92C38E905470}"
EndProject
Global
	GlobalSection(SolutionConfigurationPlatforms) = preSolution
		Debug|Any CPU = Debug|Any CPU
		Release|Any CPU = Release|Any CPU
	EndGlobalSection
	GlobalSection(ProjectConfigurationPlatforms) = postSolution
		{4C6D906E-9225-4816-8AF5-92C38E905470}.Debug|Any CPU.ActiveCfg = Debug|Any CPU
		{4C6D906E-9225-4816-8AF5-92C38E905470}.Debug|Any CPU.Build.0 = Debug|Any CPU
		{4C6D906E-9225-4816-8AF5-92C38E905470}.Release|Any CPU.ActiveCfg = Release|Any CPU
		{4C6D906E-9225-4816-8AF5-92C38E905470}.Release|Any CPU.Build.0 = Release|Any CPU
	EndGlobalSection
	GlobalSection(SolutionProperties) = preSolution
		HideSolutionNode = FALSE
	EndGlobalSection
	GlobalSection(ExtensibilityGlobals) = postSolution
		SolutionGuid = {801FD246-6185-4B2C-A070-EA2519082E80}
	EndGlobalSection
EndGlobal
